
Microsoft Visual Studio Solution File, Format Version 12.00
# Visual Studio Version 16
VisualStudioVersion = 16.0.30907.101
MinimumVisualStudioVersion = 10.0.40219.1
Project("{9A19103F-16F7-4668-BE54-9A1E7A4F7556}") = "ControlSpending", "ControlSpending\ControlSpending.csproj", "{F2CB718A-83C9-4CE7-99D9-59B41DE38FE6}"
EndProject
Project("{2150E333-8FDC-42A3-9474-1A3956D46DE8}") = "Tests", "Tests", "{AEC8FF53-F1C5-494C-B385-569C0265BB44}"
EndProject
Project("{9A19103F-16F7-4668-BE54-9A1E7A4F7556}") = "ControlSpendingTests", "TestProject1\ControlSpendingTests.csproj", "{F1CD32A0-4182-4951-A10C-F7D7734874CE}"
EndProject
Project("{2150E333-8FDC-42A3-9474-1A3956D46DE8}") = "Files", "Files", "{820D0511-EA15-4C51-AA0B-9FFF98A974EC}"
	ProjectSection(SolutionItems) = preProject
		Files\coins.txt = Files\coins.txt
		Files\image1.jpg = Files\image1.jpg
		Files\image2.jpg = Files\image2.jpg
		Files\image3.jpg = Files\image3.jpg
		Files\international_currencies.txt = Files\international_currencies.txt
		Files\money_exchange.txt = Files\money_exchange.txt
	EndProjectSection
EndProject
Project("{9A19103F-16F7-4668-BE54-9A1E7A4F7556}") = "CS", "CS\CS.csproj", "{DE65779F-6587-41DA-831E-C511730E62F0}"
EndProject
Project("{9A19103F-16F7-4668-BE54-9A1E7A4F7556}") = "Prism", "..\..\..\..\..\..\НАУКМА\2курс2семестр\С#\Prism-master\Prism-master\src\Prism.Core\Prism.csproj", "{AEF48C90-FCEA-41DC-8620-48C00A1D1B2B}"
EndProject
Global
	GlobalSection(SolutionConfigurationPlatforms) = preSolution
		Debug|Any CPU = Debug|Any CPU
		Release|Any CPU = Release|Any CPU
	EndGlobalSection
	GlobalSection(ProjectConfigurationPlatforms) = postSolution
		{F2CB718A-83C9-4CE7-99D9-59B41DE38FE6}.Debug|Any CPU.ActiveCfg = Debug|Any CPU
		{F2CB718A-83C9-4CE7-99D9-59B41DE38FE6}.Debug|Any CPU.Build.0 = Debug|Any CPU
		{F2CB718A-83C9-4CE7-99D9-59B41DE38FE6}.Release|Any CPU.ActiveCfg = Release|Any CPU
		{F2CB718A-83C9-4CE7-99D9-59B41DE38FE6}.Release|Any CPU.Build.0 = Release|Any CPU
		{F1CD32A0-4182-4951-A10C-F7D7734874CE}.Debug|Any CPU.ActiveCfg = Debug|Any CPU
		{F1CD32A0-4182-4951-A10C-F7D7734874CE}.Debug|Any CPU.Build.0 = Debug|Any CPU
		{F1CD32A0-4182-4951-A10C-F7D7734874CE}.Release|Any CPU.ActiveCfg = Release|Any CPU
		{F1CD32A0-4182-4951-A10C-F7D7734874CE}.Release|Any CPU.Build.0 = Release|Any CPU
		{DE65779F-6587-41DA-831E-C511730E62F0}.Debug|Any CPU.ActiveCfg = Debug|Any CPU
		{DE65779F-6587-41DA-831E-C511730E62F0}.Debug|Any CPU.Build.0 = Debug|Any CPU
		{DE65779F-6587-41DA-831E-C511730E62F0}.Release|Any CPU.ActiveCfg = Release|Any CPU
		{DE65779F-6587-41DA-831E-C511730E62F0}.Release|Any CPU.Build.0 = Release|Any CPU
		{AEF48C90-FCEA-41DC-8620-48C00A1D1B2B}.Debug|Any CPU.ActiveCfg = Debug|Any CPU
		{AEF48C90-FCEA-41DC-8620-48C00A1D1B2B}.Debug|Any CPU.Build.0 = Debug|Any CPU
		{AEF48C90-FCEA-41DC-8620-48C00A1D1B2B}.Release|Any CPU.ActiveCfg = Release|Any CPU
		{AEF48C90-FCEA-41DC-8620-48C00A1D1B2B}.Release|Any CPU.Build.0 = Release|Any CPU
	EndGlobalSection
	GlobalSection(SolutionProperties) = preSolution
		HideSolutionNode = FALSE
	EndGlobalSection
	GlobalSection(NestedProjects) = preSolution
		{F1CD32A0-4182-4951-A10C-F7D7734874CE} = {AEC8FF53-F1C5-494C-B385-569C0265BB44}
	EndGlobalSection
	GlobalSection(ExtensibilityGlobals) = postSolution
		SolutionGuid = {539039FE-3737-4B58-A15D-3476B2ADDC53}
	EndGlobalSection
EndGlobal
