
Microsoft Visual Studio Solution File, Format Version 12.00
# Visual Studio Version 16
VisualStudioVersion = 16.0.30907.101
MinimumVisualStudioVersion = 10.0.40219.1
Project("{9A19103F-16F7-4668-BE54-9A1E7A4F7556}") = "ControlSpending", "ControlSpending\ControlSpending.csproj", "{F2CB718A-83C9-4CE7-99D9-59B41DE38FE6}"
EndProject
Project("{2150E333-8FDC-42A3-9474-1A3956D46DE8}") = "Tests", "Tests", "{AEC8FF53-F1C5-494C-B385-569C0265BB44}"
EndProject
Project("{9A19103F-16F7-4668-BE54-9A1E7A4F7556}") = "ControlSpendingTests", "TestProject1\ControlSpendingTests.csproj", "{F1CD32A0-4182-4951-A10C-F7D7734874CE}"
EndProject
Project("{2150E333-8FDC-42A3-9474-1A3956D46DE8}") = "Files", "Files", "{820D0511-EA15-4C51-AA0B-9FFF98A974EC}"
	ProjectSection(SolutionItems) = preProject
		Files\coins.txt = Files\coins.txt
		Files\image1.jpg = Files\image1.jpg
		Files\image2.jpg = Files\image2.jpg
		Files\image3.jpg = Files\image3.jpg
		Files\international_currencies.txt = Files\international_currencies.txt
		Files\money_exchange.txt = Files\money_exchange.txt
	EndProjectSection
EndProject
Project("{FAE04EC0-301F-11D3-BF4B-00C04F79EFBC}") = "ControlSpendingWPF", "ControlSpendingWPF\ControlSpendingWPF.csproj", "{F7ABDF63-AA5D-4B22-9A9D-A9A460FBBFD3}"
EndProject
Project("{9A19103F-16F7-4668-BE54-9A1E7A4F7556}") = "Prism.Core", "..\..\..\..\..\..\НАУКМА\2курс2семестр\С#\Prism-master\Prism-master\src\Prism.Core\Prism.Core.csproj", "{8FCC1AF6-81A0-41EA-B5C4-3E88AE595D2F}"
EndProject
Global
	GlobalSection(SolutionConfigurationPlatforms) = preSolution
		Debug|Any CPU = Debug|Any CPU
		Release|Any CPU = Release|Any CPU
	EndGlobalSection
	GlobalSection(ProjectConfigurationPlatforms) = postSolution
		{F2CB718A-83C9-4CE7-99D9-59B41DE38FE6}.Debug|Any CPU.ActiveCfg = Debug|Any CPU
		{F2CB718A-83C9-4CE7-99D9-59B41DE38FE6}.Debug|Any CPU.Build.0 = Debug|Any CPU
		{F2CB718A-83C9-4CE7-99D9-59B41DE38FE6}.Release|Any CPU.ActiveCfg = Release|Any CPU
		{F2CB718A-83C9-4CE7-99D9-59B41DE38FE6}.Release|Any CPU.Build.0 = Release|Any CPU
		{F1CD32A0-4182-4951-A10C-F7D7734874CE}.Debug|Any CPU.ActiveCfg = Debug|Any CPU
		{F1CD32A0-4182-4951-A10C-F7D7734874CE}.Debug|Any CPU.Build.0 = Debug|Any CPU
		{F1CD32A0-4182-4951-A10C-F7D7734874CE}.Release|Any CPU.ActiveCfg = Release|Any CPU
		{F1CD32A0-4182-4951-A10C-F7D7734874CE}.Release|Any CPU.Build.0 = Release|Any CPU
		{F7ABDF63-AA5D-4B22-9A9D-A9A460FBBFD3}.Debug|Any CPU.ActiveCfg = Debug|Any CPU
		{F7ABDF63-AA5D-4B22-9A9D-A9A460FBBFD3}.Debug|Any CPU.Build.0 = Debug|Any CPU
		{F7ABDF63-AA5D-4B22-9A9D-A9A460FBBFD3}.Release|Any CPU.ActiveCfg = Release|Any CPU
		{F7ABDF63-AA5D-4B22-9A9D-A9A460FBBFD3}.Release|Any CPU.Build.0 = Release|Any CPU
		{8FCC1AF6-81A0-41EA-B5C4-3E88AE595D2F}.Debug|Any CPU.ActiveCfg = Debug|Any CPU
		{8FCC1AF6-81A0-41EA-B5C4-3E88AE595D2F}.Release|Any CPU.ActiveCfg = Release|Any CPU
	EndGlobalSection
	GlobalSection(SolutionProperties) = preSolution
		HideSolutionNode = FALSE
	EndGlobalSection
	GlobalSection(NestedProjects) = preSolution
		{F1CD32A0-4182-4951-A10C-F7D7734874CE} = {AEC8FF53-F1C5-494C-B385-569C0265BB44}
	EndGlobalSection
	GlobalSection(ExtensibilityGlobals) = postSolution
		SolutionGuid = {539039FE-3737-4B58-A15D-3476B2ADDC53}
	EndGlobalSection
EndGlobal
